
Microsoft Visual Studio Solution File, Format Version 12.00
# Visual Studio 14
VisualStudioVersion = 14.0.25420.1
MinimumVisualStudioVersion = 10.0.40219.1
Project("{FAE04EC0-301F-11D3-BF4B-00C04F79EFBC}") = "CodingBatCSharp", "CodingBatCSharp\CodingBatCSharp.csproj", "{C9F4206C-9B1B-414D-8773-BF83FBA6FC31}"
EndProject
Project("{FAE04EC0-301F-11D3-BF4B-00C04F79EFBC}") = "CodingBatCSharpTest", "CodingBatCSharpTest\CodingBatCSharpTest.csproj", "{F97AC4CB-7401-45F4-85D3-E6D3E7073A5C}"
EndProject
Global
	GlobalSection(SolutionConfigurationPlatforms) = preSolution
		Debug|Any CPU = Debug|Any CPU
		Release|Any CPU = Release|Any CPU
	EndGlobalSection
	GlobalSection(ProjectConfigurationPlatforms) = postSolution
		{C9F4206C-9B1B-414D-8773-BF83FBA6FC31}.Debug|Any CPU.ActiveCfg = Debug|Any CPU
		{C9F4206C-9B1B-414D-8773-BF83FBA6FC31}.Debug|Any CPU.Build.0 = Debug|Any CPU
		{C9F4206C-9B1B-414D-8773-BF83FBA6FC31}.Release|Any CPU.ActiveCfg = Release|Any CPU
		{C9F4206C-9B1B-414D-8773-BF83FBA6FC31}.Release|Any CPU.Build.0 = Release|Any CPU
		{F97AC4CB-7401-45F4-85D3-E6D3E7073A5C}.Debug|Any CPU.ActiveCfg = Debug|Any CPU
		{F97AC4CB-7401-45F4-85D3-E6D3E7073A5C}.Debug|Any CPU.Build.0 = Debug|Any CPU
		{F97AC4CB-7401-45F4-85D3-E6D3E7073A5C}.Release|Any CPU.ActiveCfg = Release|Any CPU
		{F97AC4CB-7401-45F4-85D3-E6D3E7073A5C}.Release|Any CPU.Build.0 = Release|Any CPU
	EndGlobalSection
	GlobalSection(SolutionProperties) = preSolution
		HideSolutionNode = FALSE
	EndGlobalSection
EndGlobal
